
Microsoft Visual Studio Solution File, Format Version 12.00
# Visual Studio 15
VisualStudioVersion = 15.0.27130.2036
MinimumVisualStudioVersion = 10.0.40219.1
Project("{FAE04EC0-301F-11D3-BF4B-00C04F79EFBC}") = "GameOfLife", "GameOfLife\GameOfLife.csproj", "{70803358-76EE-46DE-89F7-E6484A841503}"
EndProject
Project("{FAE04EC0-301F-11D3-BF4B-00C04F79EFBC}") = "TerminalGameOfLife", "TerminalGameOfLife\TerminalGameOfLife.csproj", "{8D70EE9E-4CA3-4129-B326-45D75306CAE1}"
EndProject
Global
	GlobalSection(SolutionConfigurationPlatforms) = preSolution
		Debug|Any CPU = Debug|Any CPU
		Release|Any CPU = Release|Any CPU
	EndGlobalSection
	GlobalSection(ProjectConfigurationPlatforms) = postSolution
		{70803358-76EE-46DE-89F7-E6484A841503}.Debug|Any CPU.ActiveCfg = Debug|Any CPU
		{70803358-76EE-46DE-89F7-E6484A841503}.Debug|Any CPU.Build.0 = Debug|Any CPU
		{70803358-76EE-46DE-89F7-E6484A841503}.Release|Any CPU.ActiveCfg = Release|Any CPU
		{70803358-76EE-46DE-89F7-E6484A841503}.Release|Any CPU.Build.0 = Release|Any CPU
		{8D70EE9E-4CA3-4129-B326-45D75306CAE1}.Debug|Any CPU.ActiveCfg = Debug|Any CPU
		{8D70EE9E-4CA3-4129-B326-45D75306CAE1}.Debug|Any CPU.Build.0 = Debug|Any CPU
		{8D70EE9E-4CA3-4129-B326-45D75306CAE1}.Release|Any CPU.ActiveCfg = Release|Any CPU
		{8D70EE9E-4CA3-4129-B326-45D75306CAE1}.Release|Any CPU.Build.0 = Release|Any CPU
	EndGlobalSection
	GlobalSection(SolutionProperties) = preSolution
		HideSolutionNode = FALSE
	EndGlobalSection
	GlobalSection(ExtensibilityGlobals) = postSolution
		SolutionGuid = {45F02C83-6A59-459C-B211-C65415A4D099}
	EndGlobalSection
EndGlobal
